
Microsoft Visual Studio Solution File, Format Version 12.00
# Visual Studio Version 16
VisualStudioVersion = 16.0.29102.190
MinimumVisualStudioVersion = 10.0.40219.1
Project("{9A19103F-16F7-4668-BE54-9A1E7A4F7556}") = "console", "console\console.csproj", "{4F2CE4A9-3B6D-42D4-9CDC-860D1EF6A206}"
EndProject
Project("{9A19103F-16F7-4668-BE54-9A1E7A4F7556}") = "emulator6502", "emulator6502\emulator6502.csproj", "{5FF2B895-514D-4FE1-9B90-E5239BE978E5}"
EndProject
Project("{FAE04EC0-301F-11D3-BF4B-00C04F79EFBC}") = "NES", "NES\NES.csproj", "{50491E80-A1EB-4E0A-8CA4-90EE929B832D}"
EndProject
Project("{FAE04EC0-301F-11D3-BF4B-00C04F79EFBC}") = "NES.Interfaces", "NES.Interfaces\NES.Interfaces.csproj", "{9703F59E-9FC4-43A5-A273-43DC76CAD641}"
EndProject
Project("{FAE04EC0-301F-11D3-BF4B-00C04F79EFBC}") = "NES.Display.SFML", "NES.Display.SFML\NES.Display.SFML.csproj", "{76D3B853-6F9C-419F-9FC2-308AD6BDFD48}"
EndProject
Project("{FAE04EC0-301F-11D3-BF4B-00C04F79EFBC}") = "NES.Display.SDL2", "NES.Display.SDL2\NES.Display.SDL2.csproj", "{90FE2F49-8C35-4C0D-9EC9-F15632156F3B}"
EndProject
Global
	GlobalSection(SolutionConfigurationPlatforms) = preSolution
		Debug|Any CPU = Debug|Any CPU
		Release|Any CPU = Release|Any CPU
	EndGlobalSection
	GlobalSection(ProjectConfigurationPlatforms) = postSolution
		{4F2CE4A9-3B6D-42D4-9CDC-860D1EF6A206}.Debug|Any CPU.ActiveCfg = Debug|Any CPU
		{4F2CE4A9-3B6D-42D4-9CDC-860D1EF6A206}.Debug|Any CPU.Build.0 = Debug|Any CPU
		{4F2CE4A9-3B6D-42D4-9CDC-860D1EF6A206}.Release|Any CPU.ActiveCfg = Release|Any CPU
		{4F2CE4A9-3B6D-42D4-9CDC-860D1EF6A206}.Release|Any CPU.Build.0 = Release|Any CPU
		{5FF2B895-514D-4FE1-9B90-E5239BE978E5}.Debug|Any CPU.ActiveCfg = Debug|Any CPU
		{5FF2B895-514D-4FE1-9B90-E5239BE978E5}.Debug|Any CPU.Build.0 = Debug|Any CPU
		{5FF2B895-514D-4FE1-9B90-E5239BE978E5}.Release|Any CPU.ActiveCfg = Release|Any CPU
		{5FF2B895-514D-4FE1-9B90-E5239BE978E5}.Release|Any CPU.Build.0 = Release|Any CPU
		{50491E80-A1EB-4E0A-8CA4-90EE929B832D}.Debug|Any CPU.ActiveCfg = Debug|Any CPU
		{50491E80-A1EB-4E0A-8CA4-90EE929B832D}.Debug|Any CPU.Build.0 = Debug|Any CPU
		{50491E80-A1EB-4E0A-8CA4-90EE929B832D}.Release|Any CPU.ActiveCfg = Release|Any CPU
		{50491E80-A1EB-4E0A-8CA4-90EE929B832D}.Release|Any CPU.Build.0 = Release|Any CPU
		{9703F59E-9FC4-43A5-A273-43DC76CAD641}.Debug|Any CPU.ActiveCfg = Debug|Any CPU
		{9703F59E-9FC4-43A5-A273-43DC76CAD641}.Debug|Any CPU.Build.0 = Debug|Any CPU
		{9703F59E-9FC4-43A5-A273-43DC76CAD641}.Release|Any CPU.ActiveCfg = Release|Any CPU
		{9703F59E-9FC4-43A5-A273-43DC76CAD641}.Release|Any CPU.Build.0 = Release|Any CPU
		{76D3B853-6F9C-419F-9FC2-308AD6BDFD48}.Debug|Any CPU.ActiveCfg = Debug|Any CPU
		{76D3B853-6F9C-419F-9FC2-308AD6BDFD48}.Debug|Any CPU.Build.0 = Debug|Any CPU
		{76D3B853-6F9C-419F-9FC2-308AD6BDFD48}.Release|Any CPU.ActiveCfg = Release|Any CPU
		{76D3B853-6F9C-419F-9FC2-308AD6BDFD48}.Release|Any CPU.Build.0 = Release|Any CPU
		{90FE2F49-8C35-4C0D-9EC9-F15632156F3B}.Debug|Any CPU.ActiveCfg = Debug|Any CPU
		{90FE2F49-8C35-4C0D-9EC9-F15632156F3B}.Debug|Any CPU.Build.0 = Debug|Any CPU
		{90FE2F49-8C35-4C0D-9EC9-F15632156F3B}.Release|Any CPU.ActiveCfg = Release|Any CPU
		{90FE2F49-8C35-4C0D-9EC9-F15632156F3B}.Release|Any CPU.Build.0 = Release|Any CPU
	EndGlobalSection
	GlobalSection(SolutionProperties) = preSolution
		HideSolutionNode = FALSE
	EndGlobalSection
	GlobalSection(ExtensibilityGlobals) = postSolution
		SolutionGuid = {D596364B-C73F-47CC-8F4E-6E12111F4B01}
	EndGlobalSection
EndGlobal
